# THIS IS AN AUTOGENERATED FILE. DO NOT EDIT THIS FILE DIRECTLY.
# yarn lockfile v1


"@esri/arcgis-to-geojson-utils@^1.3.0":
  version "1.3.0"
  resolved "https://registry.yarnpkg.com/@esri/arcgis-to-geojson-utils/-/arcgis-to-geojson-utils-1.3.0.tgz#79ab65bf3e40c039dbdebceff4b3b0ec088b189c"
  integrity sha512-8yPorlHeU63U6aT7RJbgSfXGKTZtnQz7Os8Qw96PW2lXJ+g1CRe5L/G8h5qtYHqt5VM4yCUGIhzHHYxdGzanLQ==

"@types/geojson@*":
  version "7946.0.7"
  resolved "https://registry.yarnpkg.com/@types/geojson/-/geojson-7946.0.7.tgz#c8fa532b60a0042219cdf173ca21a975ef0666ad"
  integrity sha512-wE2v81i4C4Ol09RtsWFAqg3BUitWbHSpSlIo+bNdsCJijO9sjme+zm+73ZMCa/qMC8UEERxzGbvmr1cffo2SiQ==

"@types/leaflet@^1.2.11":
  version "1.5.5"
  resolved "https://registry.yarnpkg.com/@types/leaflet/-/leaflet-1.5.5.tgz#006c0aa89c4b5e62941717fa71a09e846423536c"
  integrity sha512-Eyh1LMmW4OFgafL6rjLyGkMqFS5IzgwWHMSgTKbrsvwLjLaWH8Ae8CV5liRe8HSM731oOVDwAMIZgg9P0SO9tg==
  dependencies:
    "@types/geojson" "*"

esri-leaflet@^2.3.1:
  version "2.3.1"
  resolved "https://registry.yarnpkg.com/esri-leaflet/-/esri-leaflet-2.3.1.tgz#f1b1724525e92260e4e71edf8abf1c4d62793cf3"
  integrity sha512-KboDAAsoEonyYlkW1keOov1XndDyM/qQwWlLdP26WhTMPH/S5QvYsKP9ueKsc73m90YmvXZqC5Qp4wv1m3Xtrw==
  dependencies:
    "@esri/arcgis-to-geojson-utils" "^1.3.0"
    leaflet-virtual-grid "^1.0.7"
    tiny-binary-search "^1.0.3"

leaflet-draw-drag@^0.4.5:
  version "0.4.5"
  resolved "https://registry.yarnpkg.com/leaflet-draw-drag/-/leaflet-draw-drag-0.4.5.tgz#c40eb1b21caed263b7db3dfc34017144f865ff31"
  integrity sha512-Z3rWQZrwFiBnQX4EtctbCL5wPnr7NY1bUZT25hNCFE9sfBTXpdRjbuBx7UIXqJZUPqEGyXAJrEo5O/C77qhXgw==
  dependencies:
    leaflet-draw "^0.4.12"
    leaflet-path-drag "^1.1.0"

leaflet-draw@^0.4.12:
  version "0.4.14"
  resolved "https://registry.yarnpkg.com/leaflet-draw/-/leaflet-draw-0.4.14.tgz#1b5b06d570873a015aa96b80d664dab496c45a4a"
  integrity sha512-O99KSPjyHNMDE+uD/fpdPydvQfTE8QruaG7ylEEtKCIaSSb60mCWoDdGUqGEHU9PGPu2JxbEfkGTXY9eYv7aEw==

leaflet-draw@^1.0.4:
  version "1.0.4"
  resolved "https://registry.yarnpkg.com/leaflet-draw/-/leaflet-draw-1.0.4.tgz#45be92f378ed253e7202fdeda1fcc71885198d46"
  integrity sha512-rsQ6saQO5ST5Aj6XRFylr5zvarWgzWnrg46zQ1MEOEIHsppdC/8hnN8qMoFvACsPvTioAuysya/TVtog15tyAQ==

leaflet-mouse-position@^1.2.0:
  version "1.2.0"
  resolved "https://registry.yarnpkg.com/leaflet-mouse-position/-/leaflet-mouse-position-1.2.0.tgz#7cbd3e3378695700c6435ca60361f7c57d9a2113"
  integrity sha512-iKS25GZDRdoKZn0O5sjTyNcBYrq/wenLiOidj4jJ5iD4SfhyqVj+bJHgBwuMxOlf8Vc/9B1ZPlqYV4QA97nyFg==

leaflet-path-drag@^1.1.0:
  version "1.1.0"
  resolved "https://registry.yarnpkg.com/leaflet-path-drag/-/leaflet-path-drag-1.1.0.tgz#586e464b51ee3b712e74b4a92dc10a259f0eb9ff"
  integrity sha512-wd2uNgn3yuMl7HI0YG0z6qhxnRbvCQHE8ncpERfUZ6gTPbM5Xctwzyi+gE8cMnIDlv22GO3slSBupD9GW7jIEQ==

leaflet-virtual-grid@^1.0.7:
  version "1.0.7"
  resolved "https://registry.yarnpkg.com/leaflet-virtual-grid/-/leaflet-virtual-grid-1.0.7.tgz#0dbb0dacd506b6e6d291314da5022d348729f8ad"
  integrity sha512-sJxWYPcIKwMTewE+z8OFzfZHsbZcniQgTcreVdIQnxSRf+1XpMp+c4QKAWRKTBRmWOhEGyQO0Z90CLANJ9jRUQ==
  dependencies:
    leaflet "^1.0.0"

leaflet.gridlayer.googlemutant@^0.8.0:
  version "0.8.0"
  resolved "https://registry.yarnpkg.com/leaflet.gridlayer.googlemutant/-/leaflet.gridlayer.googlemutant-0.8.0.tgz#9636630cb669577f5bc55ff171dd0a3cc44ece1e"
  integrity sha512-Ain+jgDKRhlM6qNDDj2QFJa9vXUqV096N0PmpHO3DoNLS4I7EynTQCJXN+9qY4C51ZpV4Q4CI+apNv5XiP5aUA==

leaflet@^1.0.0, leaflet@^1.5.1:
  version "1.5.1"
  resolved "https://registry.yarnpkg.com/leaflet/-/leaflet-1.5.1.tgz#9afb9d963d66c870066b1342e7a06f92840f46bf"
  integrity sha512-ekM9KAeG99tYisNBg0IzEywAlp0hYI5XRipsqRXyRTeuU8jcuntilpp+eFf5gaE0xubc9RuSNIVtByEKwqFV0w==

sass@1.3.0:
  version "1.3.0"
  resolved "https://registry.yarnpkg.com/sass/-/sass-1.3.0.tgz#570f2ac1c868dacf2101648056f40423284a557c"
  integrity sha512-YdPvqr6GCzh70dB0NMdQ+95YS5WxdCSrJ1eql3+o+t/GOQQTNgb4qXAY+b8e6dIHx7fa3LT73EpsjeZTXdCZkQ==

tiny-binary-search@^1.0.3:
  version "1.0.3"
  resolved "https://registry.yarnpkg.com/tiny-binary-search/-/tiny-binary-search-1.0.3.tgz#9d52e3d16dd1171eb74486caf704ba08c0c62186"
  integrity sha512-STSHX/L5nI9WTLv6wrzJbAPbO7OIISX83KFBh2GVbX1Uz/vgZOU/ANn/8iV6t35yMTpoPzzO+3OQid3mifE0CA==

vue2-leaflet-googlemutant@^2.0.0:
  version "2.0.0"
  resolved "https://registry.yarnpkg.com/vue2-leaflet-googlemutant/-/vue2-leaflet-googlemutant-2.0.0.tgz#d5a12dc181d3ed075e0bf68a29a53e02f4c11e71"
  integrity sha512-kFUBMJGPoFDs+ECWlayPiQOM+Yhvu8ew38quhd7Kz/RaT5KmbaR4uO21/81yfDwYe2HtIeagidj/kQWGtcfTzw==

vue2-leaflet@^2.2.1:
  version "2.2.1"
  resolved "https://registry.yarnpkg.com/vue2-leaflet/-/vue2-leaflet-2.2.1.tgz#cd67274951751a33df147481fce2b956ba174c7e"
  integrity sha512-yBB3Ilv9LTszNn/uxUATq8+Ahw/1FqIasdQehb9m1tJ5T9qeEk8Fr9a6uLzvR+zuz88rnEQVo7/iGUd96E7iLg==

vue@^2.6.10:
  version "2.6.10"
  resolved "https://registry.yarnpkg.com/vue/-/vue-2.6.10.tgz#a72b1a42a4d82a721ea438d1b6bf55e66195c637"
  integrity sha512-ImThpeNU9HbdZL3utgMCq0oiMzAkt1mcgy3/E6zWC/G6AaQoeuFdsl9nDhTDU3X1R6FK7nsIUuRACVcjI+A2GQ==
